
Microsoft Visual Studio Solution File, Format Version 12.00
# Visual Studio Version 16
VisualStudioVersion = 16.0.31515.178
MinimumVisualStudioVersion = 10.0.40219.1
Project("{9A19103F-16F7-4668-BE54-9A1E7A4F7556}") = "TranslationApplication", "TranslationApplication\TranslationApplication.csproj", "{B62EC2F9-78A2-4457-893B-052CB308F110}"
EndProject
Project("{FAE04EC0-301F-11D3-BF4B-00C04F79EFBC}") = "TranslationApplication.Testing.UnitTests", "TranslationApplication.Testing.UnitTests\TranslationApplication.Testing.UnitTests.csproj", "{EC09BAF3-EBB4-4572-AAFF-B369626D0B4D}"
EndProject
Global
	GlobalSection(SolutionConfigurationPlatforms) = preSolution
		Debug|Any CPU = Debug|Any CPU
		Release|Any CPU = Release|Any CPU
	EndGlobalSection
	GlobalSection(ProjectConfigurationPlatforms) = postSolution
		{B62EC2F9-78A2-4457-893B-052CB308F110}.Debug|Any CPU.ActiveCfg = Debug|Any CPU
		{B62EC2F9-78A2-4457-893B-052CB308F110}.Debug|Any CPU.Build.0 = Debug|Any CPU
		{B62EC2F9-78A2-4457-893B-052CB308F110}.Release|Any CPU.ActiveCfg = Release|Any CPU
		{B62EC2F9-78A2-4457-893B-052CB308F110}.Release|Any CPU.Build.0 = Release|Any CPU
		{EC09BAF3-EBB4-4572-AAFF-B369626D0B4D}.Debug|Any CPU.ActiveCfg = Debug|Any CPU
		{EC09BAF3-EBB4-4572-AAFF-B369626D0B4D}.Debug|Any CPU.Build.0 = Debug|Any CPU
		{EC09BAF3-EBB4-4572-AAFF-B369626D0B4D}.Release|Any CPU.ActiveCfg = Release|Any CPU
		{EC09BAF3-EBB4-4572-AAFF-B369626D0B4D}.Release|Any CPU.Build.0 = Release|Any CPU
	EndGlobalSection
	GlobalSection(SolutionProperties) = preSolution
		HideSolutionNode = FALSE
	EndGlobalSection
	GlobalSection(ExtensibilityGlobals) = postSolution
		SolutionGuid = {1D5E335E-247B-4BC5-96C5-8D2ED278405E}
	EndGlobalSection
EndGlobal
